
Microsoft Visual Studio Solution File, Format Version 12.00
# Visual Studio 14
VisualStudioVersion = 14.0.25123.0
MinimumVisualStudioVersion = 10.0.40219.1
Project("{FAE04EC0-301F-11D3-BF4B-00C04F79EFBC}") = "ATS.BackOffice", "ATS.BackOffice\ATS.BackOffice.csproj", "{AC798501-C9D8-4635-885B-D105CB4F939A}"
EndProject
Project("{FAE04EC0-301F-11D3-BF4B-00C04F79EFBC}") = "ATS.FrontOffice", "ATS.FrontOffice\ATS.FrontOffice.csproj", "{6A8C6B0C-35B0-4C0D-A7B5-275808B21969}"
EndProject
Project("{2150E333-8FDC-42A3-9474-1A3956D46DE8}") = "Documents", "Documents", "{70A3A669-9F66-4096-A4AC-2EA15F738934}"
	ProjectSection(SolutionItems) = preProject
		Documents\DesignDatabase.png = Documents\DesignDatabase.png
		Documents\Gloabl - Employee data.xlsx = Documents\Gloabl - Employee data.xlsx
		Documents\Local Employee.xlsx = Documents\Local Employee.xlsx
		Documents\Training basic data.xlsx = Documents\Training basic data.xlsx
		Documents\TranningManager4.sql = Documents\TranningManager4.sql
	EndProjectSection
EndProject
Project("{FAE04EC0-301F-11D3-BF4B-00C04F79EFBC}") = "ATS.Data", "ATS.Data\ATS.Data.csproj", "{F4D382AE-3F34-47FF-AAAB-05A4E80695C2}"
EndProject
Project("{FAE04EC0-301F-11D3-BF4B-00C04F79EFBC}") = "ATS.Model", "ATS.Model\ATS.Model.csproj", "{E1DAD1FB-8893-4461-9420-C793572BF868}"
EndProject
Project("{FAE04EC0-301F-11D3-BF4B-00C04F79EFBC}") = "ATS.Service", "ATS.Service\ATS.Service.csproj", "{1B705F65-606B-4D9A-B6F0-54F656F0F741}"
EndProject
Project("{2150E333-8FDC-42A3-9474-1A3956D46DE8}") = "Temporary files", "Temporary files", "{444EEEC7-7D2D-4326-901F-6AA8FD5F896F}"
EndProject
Global
	GlobalSection(SolutionConfigurationPlatforms) = preSolution
		Debug|Any CPU = Debug|Any CPU
		Release|Any CPU = Release|Any CPU
	EndGlobalSection
	GlobalSection(ProjectConfigurationPlatforms) = postSolution
		{AC798501-C9D8-4635-885B-D105CB4F939A}.Debug|Any CPU.ActiveCfg = Debug|Any CPU
		{AC798501-C9D8-4635-885B-D105CB4F939A}.Debug|Any CPU.Build.0 = Debug|Any CPU
		{AC798501-C9D8-4635-885B-D105CB4F939A}.Release|Any CPU.ActiveCfg = Release|Any CPU
		{AC798501-C9D8-4635-885B-D105CB4F939A}.Release|Any CPU.Build.0 = Release|Any CPU
		{6A8C6B0C-35B0-4C0D-A7B5-275808B21969}.Debug|Any CPU.ActiveCfg = Debug|Any CPU
		{6A8C6B0C-35B0-4C0D-A7B5-275808B21969}.Debug|Any CPU.Build.0 = Debug|Any CPU
		{6A8C6B0C-35B0-4C0D-A7B5-275808B21969}.Release|Any CPU.ActiveCfg = Release|Any CPU
		{6A8C6B0C-35B0-4C0D-A7B5-275808B21969}.Release|Any CPU.Build.0 = Release|Any CPU
		{F4D382AE-3F34-47FF-AAAB-05A4E80695C2}.Debug|Any CPU.ActiveCfg = Debug|Any CPU
		{F4D382AE-3F34-47FF-AAAB-05A4E80695C2}.Debug|Any CPU.Build.0 = Debug|Any CPU
		{F4D382AE-3F34-47FF-AAAB-05A4E80695C2}.Release|Any CPU.ActiveCfg = Release|Any CPU
		{F4D382AE-3F34-47FF-AAAB-05A4E80695C2}.Release|Any CPU.Build.0 = Release|Any CPU
		{E1DAD1FB-8893-4461-9420-C793572BF868}.Debug|Any CPU.ActiveCfg = Debug|Any CPU
		{E1DAD1FB-8893-4461-9420-C793572BF868}.Debug|Any CPU.Build.0 = Debug|Any CPU
		{E1DAD1FB-8893-4461-9420-C793572BF868}.Release|Any CPU.ActiveCfg = Release|Any CPU
		{E1DAD1FB-8893-4461-9420-C793572BF868}.Release|Any CPU.Build.0 = Release|Any CPU
		{1B705F65-606B-4D9A-B6F0-54F656F0F741}.Debug|Any CPU.ActiveCfg = Debug|Any CPU
		{1B705F65-606B-4D9A-B6F0-54F656F0F741}.Debug|Any CPU.Build.0 = Debug|Any CPU
		{1B705F65-606B-4D9A-B6F0-54F656F0F741}.Release|Any CPU.ActiveCfg = Release|Any CPU
		{1B705F65-606B-4D9A-B6F0-54F656F0F741}.Release|Any CPU.Build.0 = Release|Any CPU
	EndGlobalSection
	GlobalSection(SolutionProperties) = preSolution
		HideSolutionNode = FALSE
	EndGlobalSection
	GlobalSection(NestedProjects) = preSolution
		{444EEEC7-7D2D-4326-901F-6AA8FD5F896F} = {70A3A669-9F66-4096-A4AC-2EA15F738934}
	EndGlobalSection
EndGlobal
