
Microsoft Visual Studio Solution File, Format Version 12.00
# Visual Studio 2013
VisualStudioVersion = 12.0.40629.0
MinimumVisualStudioVersion = 10.0.40219.1
Project("{FAE04EC0-301F-11D3-BF4B-00C04F79EFBC}") = "ATS.BackOffice", "ATS.BackOffice\ATS.BackOffice.csproj", "{AC798501-C9D8-4635-885B-D105CB4F939A}"
EndProject
Project("{FAE04EC0-301F-11D3-BF4B-00C04F79EFBC}") = "ATS.FrontOffice", "ATS.FrontOffice\ATS.FrontOffice.csproj", "{6A8C6B0C-35B0-4C0D-A7B5-275808B21969}"
EndProject
Project("{2150E333-8FDC-42A3-9474-1A3956D46DE8}") = "Documents", "Documents", "{70A3A669-9F66-4096-A4AC-2EA15F738934}"
	ProjectSection(SolutionItems) = preProject
		Documents\DesignDatabase.png = Documents\DesignDatabase.png
		Documents\Gloabl - Employee data.xlsx = Documents\Gloabl - Employee data.xlsx
		Documents\Training basic data.xlsx = Documents\Training basic data.xlsx
		Documents\TranningManager4.sql = Documents\TranningManager4.sql
	EndProjectSection
EndProject
Project("{FAE04EC0-301F-11D3-BF4B-00C04F79EFBC}") = "ATS.Entities", "ATS.Entities\ATS.Entities.csproj", "{C2F34D2D-D312-4DEF-80A9-35CDE4D07921}"
EndProject
Global
	GlobalSection(SolutionConfigurationPlatforms) = preSolution
		Debug|Any CPU = Debug|Any CPU
		Release|Any CPU = Release|Any CPU
	EndGlobalSection
	GlobalSection(ProjectConfigurationPlatforms) = postSolution
		{AC798501-C9D8-4635-885B-D105CB4F939A}.Debug|Any CPU.ActiveCfg = Debug|Any CPU
		{AC798501-C9D8-4635-885B-D105CB4F939A}.Debug|Any CPU.Build.0 = Debug|Any CPU
		{AC798501-C9D8-4635-885B-D105CB4F939A}.Release|Any CPU.ActiveCfg = Release|Any CPU
		{AC798501-C9D8-4635-885B-D105CB4F939A}.Release|Any CPU.Build.0 = Release|Any CPU
		{6A8C6B0C-35B0-4C0D-A7B5-275808B21969}.Debug|Any CPU.ActiveCfg = Debug|Any CPU
		{6A8C6B0C-35B0-4C0D-A7B5-275808B21969}.Debug|Any CPU.Build.0 = Debug|Any CPU
		{6A8C6B0C-35B0-4C0D-A7B5-275808B21969}.Release|Any CPU.ActiveCfg = Release|Any CPU
		{6A8C6B0C-35B0-4C0D-A7B5-275808B21969}.Release|Any CPU.Build.0 = Release|Any CPU
		{C2F34D2D-D312-4DEF-80A9-35CDE4D07921}.Debug|Any CPU.ActiveCfg = Debug|Any CPU
		{C2F34D2D-D312-4DEF-80A9-35CDE4D07921}.Debug|Any CPU.Build.0 = Debug|Any CPU
		{C2F34D2D-D312-4DEF-80A9-35CDE4D07921}.Release|Any CPU.ActiveCfg = Release|Any CPU
		{C2F34D2D-D312-4DEF-80A9-35CDE4D07921}.Release|Any CPU.Build.0 = Release|Any CPU
	EndGlobalSection
	GlobalSection(SolutionProperties) = preSolution
		HideSolutionNode = FALSE
	EndGlobalSection
EndGlobal
